
Microsoft Visual Studio Solution File, Format Version 12.00
# Visual Studio Version 17
VisualStudioVersion = 17.14.36109.1 d17.14
MinimumVisualStudioVersion = 10.0.40219.1
Project("{FAE04EC0-301F-11D3-BF4B-00C04F79EFBC}") = "GastosControl", "GastosControl.csproj", "{36302972-B032-495E-8949-69D36A08C7DE}"
EndProject
Project("{FAE04EC0-301F-11D3-BF4B-00C04F79EFBC}") = "GastosControl.Domain", "..\GastosControl.Domain\GastosControl.Domain.csproj", "{2D67FA02-722C-413B-B88F-7D014AC1B563}"
EndProject
Project("{FAE04EC0-301F-11D3-BF4B-00C04F79EFBC}") = "GastosControl.Application", "..\GastosControl.Application\GastosControl.Application.csproj", "{6CDE968A-ACE4-4D32-AC61-C4D0F04DF6BE}"
EndProject
Project("{FAE04EC0-301F-11D3-BF4B-00C04F79EFBC}") = "GastosControl.Infrastructure", "..\GastosControl.Infrastructure\GastosControl.Infrastructure.csproj", "{A01B15F4-3061-4399-9F7F-28A136C6E364}"
EndProject
Global
	GlobalSection(SolutionConfigurationPlatforms) = preSolution
		Debug|Any CPU = Debug|Any CPU
		Release|Any CPU = Release|Any CPU
	EndGlobalSection
	GlobalSection(ProjectConfigurationPlatforms) = postSolution
		{36302972-B032-495E-8949-69D36A08C7DE}.Debug|Any CPU.ActiveCfg = Debug|Any CPU
		{36302972-B032-495E-8949-69D36A08C7DE}.Debug|Any CPU.Build.0 = Debug|Any CPU
		{36302972-B032-495E-8949-69D36A08C7DE}.Release|Any CPU.ActiveCfg = Release|Any CPU
		{36302972-B032-495E-8949-69D36A08C7DE}.Release|Any CPU.Build.0 = Release|Any CPU
		{2D67FA02-722C-413B-B88F-7D014AC1B563}.Debug|Any CPU.ActiveCfg = Debug|Any CPU
		{2D67FA02-722C-413B-B88F-7D014AC1B563}.Debug|Any CPU.Build.0 = Debug|Any CPU
		{2D67FA02-722C-413B-B88F-7D014AC1B563}.Release|Any CPU.ActiveCfg = Release|Any CPU
		{2D67FA02-722C-413B-B88F-7D014AC1B563}.Release|Any CPU.Build.0 = Release|Any CPU
		{6CDE968A-ACE4-4D32-AC61-C4D0F04DF6BE}.Debug|Any CPU.ActiveCfg = Debug|Any CPU
		{6CDE968A-ACE4-4D32-AC61-C4D0F04DF6BE}.Debug|Any CPU.Build.0 = Debug|Any CPU
		{6CDE968A-ACE4-4D32-AC61-C4D0F04DF6BE}.Release|Any CPU.ActiveCfg = Release|Any CPU
		{6CDE968A-ACE4-4D32-AC61-C4D0F04DF6BE}.Release|Any CPU.Build.0 = Release|Any CPU
		{A01B15F4-3061-4399-9F7F-28A136C6E364}.Debug|Any CPU.ActiveCfg = Debug|Any CPU
		{A01B15F4-3061-4399-9F7F-28A136C6E364}.Debug|Any CPU.Build.0 = Debug|Any CPU
		{A01B15F4-3061-4399-9F7F-28A136C6E364}.Release|Any CPU.ActiveCfg = Release|Any CPU
		{A01B15F4-3061-4399-9F7F-28A136C6E364}.Release|Any CPU.Build.0 = Release|Any CPU
	EndGlobalSection
	GlobalSection(SolutionProperties) = preSolution
		HideSolutionNode = FALSE
	EndGlobalSection
	GlobalSection(ExtensibilityGlobals) = postSolution
		SolutionGuid = {09AC87EA-6A79-4CBA-9E91-E9C58CCB2107}
	EndGlobalSection
EndGlobal
